
Microsoft Visual Studio Solution File, Format Version 12.00
# Visual Studio Version 16
VisualStudioVersion = 16.0.30611.23
MinimumVisualStudioVersion = 10.0.40219.1
Project("{FAE04EC0-301F-11D3-BF4B-00C04F79EFBC}") = "SBPD DT Sentinel", "SBPD DT Sentinel.csproj", "{2B23DA78-77C7-4117-BEBA-F185F53341C3}"
EndProject
Global
	GlobalSection(SolutionConfigurationPlatforms) = preSolution
		Debug|Any CPU = Debug|Any CPU
		Release|Any CPU = Release|Any CPU
	EndGlobalSection
	GlobalSection(ProjectConfigurationPlatforms) = postSolution
		{2B23DA78-77C7-4117-BEBA-F185F53341C3}.Debug|Any CPU.ActiveCfg = Debug|Any CPU
		{2B23DA78-77C7-4117-BEBA-F185F53341C3}.Debug|Any CPU.Build.0 = Debug|Any CPU
		{2B23DA78-77C7-4117-BEBA-F185F53341C3}.Release|Any CPU.ActiveCfg = Release|Any CPU
		{2B23DA78-77C7-4117-BEBA-F185F53341C3}.Release|Any CPU.Build.0 = Release|Any CPU
	EndGlobalSection
	GlobalSection(SolutionProperties) = preSolution
		HideSolutionNode = FALSE
	EndGlobalSection
	GlobalSection(ExtensibilityGlobals) = postSolution
		SolutionGuid = {B7695997-C074-4D53-A406-DEBB0222D69C}
	EndGlobalSection
EndGlobal
